{
  "nodes": {
    "darwin": {
      "inputs": {
        "nixpkgs": "nixpkgs"
      },
      "locked": {
        "lastModified": 1758805352,
        "narHash": "sha256-BHdc43Lkayd+72W/NXRKHzX5AZ+28F3xaUs3a88/Uew=",
        "owner": "LnL7",
        "repo": "nix-darwin",
        "rev": "c48e963a5558eb1c3827d59d21c5193622a1477c",
        "type": "github"
      },
      "original": {
        "owner": "LnL7",
        "repo": "nix-darwin",
        "type": "github"
      }
    },
    "dmx": {
      "inputs": {
        "flake-utils": "flake-utils",
        "nixpkgs": "nixpkgs_2"
      },
      "locked": {
        "lastModified": 1753386467,
        "narHash": "sha256-dysOCYHRIaNVZswgDtCAXPXhukh7I4RS1UWMUB1CuGE=",
        "owner": "cargaona",
        "repo": "dmx",
        "rev": "55df5cb46658d003c46cad8d93c6405e6c15a53d",
        "type": "github"
      },
      "original": {
        "owner": "cargaona",
        "repo": "dmx",
        "type": "github"
      }
    },
    "flake-utils": {
      "inputs": {
        "systems": "systems"
      },
      "locked": {
        "lastModified": 1731533236,
        "narHash": "sha256-l0KFg5HjrsfsO/JpG+r7fRrqm12kzFHyUHqHCVpMMbI=",
        "owner": "numtide",
        "repo": "flake-utils",
        "rev": "11707dc2f618dd54ca8739b309ec4fc024de578b",
        "type": "github"
      },
      "original": {
        "owner": "numtide",
        "repo": "flake-utils",
        "type": "github"
      }
    },
    "flakelight": {
      "inputs": {
        "nixpkgs": [
          "mpris-inhibit",
          "nixpkgs"
        ]
      },
      "locked": {
        "lastModified": 1758214611,
        "narHash": "sha256-5YLeUhF7Nu85fNi5ElWexJ4ViiY041I0mBLLzOhg2DQ=",
        "owner": "nix-community",
        "repo": "flakelight",
        "rev": "464ab0a32efcc4310eef119cfc6c470e267cd42a",
        "type": "github"
      },
      "original": {
        "owner": "nix-community",
        "repo": "flakelight",
        "type": "github"
      }
    },
    "home-manager": {
      "inputs": {
        "nixpkgs": "nixpkgs_3"
      },
      "locked": {
        "lastModified": 1759691947,
        "narHash": "sha256-+A9wFkB266FZH8Lz/TQfgWf5sOWmYPQZ6p3K8NgpuxU=",
        "owner": "nix-community",
        "repo": "home-manager",
        "rev": "06e268d66bbf6d606b349a4f0be3af66ab3ea2be",
        "type": "github"
      },
      "original": {
        "owner": "nix-community",
        "repo": "home-manager",
        "type": "github"
      }
    },
    "isolation": {
      "inputs": {
        "nixpkgs": "nixpkgs_4"
      },
      "locked": {
        "lastModified": 1759697666,
        "narHash": "sha256-1ZdRj18srydwJ7UVru51IDmiHHaWi4tFTXmisXM6eJw=",
        "path": "/home/char/projects/personal/code/isolation",
        "type": "path"
      },
      "original": {
        "path": "/home/char/projects/personal/code/isolation",
        "type": "path"
      }
    },
    "mpris-inhibit": {
      "inputs": {
        "flakelight": "flakelight",
        "nixpkgs": "nixpkgs_5"
      },
      "locked": {
        "lastModified": 1758283441,
        "narHash": "sha256-L7Px0c+cwmMK81XUc9vrwF9/6GD82Y2MGLRof3tS09E=",
        "owner": "Bwc9876",
        "repo": "wayland-mpris-idle-inhibit",
        "rev": "4a776219b880d8fca3ab645ead0da67d5d7f6369",
        "type": "github"
      },
      "original": {
        "owner": "Bwc9876",
        "repo": "wayland-mpris-idle-inhibit",
        "type": "github"
      }
    },
    "nixpkgs": {
      "locked": {
        "lastModified": 1747728033,
        "narHash": "sha256-NnXFQu7g4LnvPIPfJmBuZF7LFy/fey2g2+LCzjQhTUk=",
        "owner": "NixOS",
        "repo": "nixpkgs",
        "rev": "2f9173bde1d3fbf1ad26ff6d52f952f9e9da52ea",
        "type": "github"
      },
      "original": {
        "owner": "NixOS",
        "ref": "nixpkgs-unstable",
        "repo": "nixpkgs",
        "type": "github"
      }
    },
    "nixpkgs-darwin": {
      "locked": {
        "lastModified": 1759632233,
        "narHash": "sha256-krgZxGAIIIKFJS+UB0l8do3sYUDWJc75M72tepmVMzE=",
        "owner": "nixos",
        "repo": "nixpkgs",
        "rev": "d7f52a7a640bc54c7bb414cca603835bf8dd4b10",
        "type": "github"
      },
      "original": {
        "owner": "nixos",
        "ref": "nixpkgs-unstable",
        "repo": "nixpkgs",
        "type": "github"
      }
    },
    "nixpkgs-unstable": {
      "locked": {
        "lastModified": 1759381078,
        "narHash": "sha256-gTrEEp5gEspIcCOx9PD8kMaF1iEmfBcTbO0Jag2QhQs=",
        "owner": "nixos",
        "repo": "nixpkgs",
        "rev": "7df7ff7d8e00218376575f0acdcc5d66741351ee",
        "type": "github"
      },
      "original": {
        "owner": "nixos",
        "ref": "nixos-unstable",
        "repo": "nixpkgs",
        "type": "github"
      }
    },
    "nixpkgs_2": {
      "locked": {
        "lastModified": 1735563628,
        "narHash": "sha256-OnSAY7XDSx7CtDoqNh8jwVwh4xNL/2HaJxGjryLWzX8=",
        "owner": "NixOS",
        "repo": "nixpkgs",
        "rev": "b134951a4c9f3c995fd7be05f3243f8ecd65d798",
        "type": "github"
      },
      "original": {
        "owner": "NixOS",
        "ref": "nixos-24.05",
        "repo": "nixpkgs",
        "type": "github"
      }
    },
    "nixpkgs_3": {
      "locked": {
        "lastModified": 1759381078,
        "narHash": "sha256-gTrEEp5gEspIcCOx9PD8kMaF1iEmfBcTbO0Jag2QhQs=",
        "owner": "NixOS",
        "repo": "nixpkgs",
        "rev": "7df7ff7d8e00218376575f0acdcc5d66741351ee",
        "type": "github"
      },
      "original": {
        "owner": "NixOS",
        "ref": "nixos-unstable",
        "repo": "nixpkgs",
        "type": "github"
      }
    },
    "nixpkgs_4": {
      "locked": {
        "lastModified": 1759036355,
        "narHash": "sha256-0m27AKv6ka+q270dw48KflE0LwQYrO7Fm4/2//KCVWg=",
        "owner": "NixOS",
        "repo": "nixpkgs",
        "rev": "e9f00bd893984bc8ce46c895c3bf7cac95331127",
        "type": "github"
      },
      "original": {
        "owner": "NixOS",
        "ref": "nixos-unstable",
        "repo": "nixpkgs",
        "type": "github"
      }
    },
    "nixpkgs_5": {
      "locked": {
        "lastModified": 1758213207,
        "narHash": "sha256-rqoqF0LEi+6ZT59tr+hTQlxVwrzQsET01U4uUdmqRtM=",
        "owner": "NixOS",
        "repo": "nixpkgs",
        "rev": "f4b140d5b253f5e2a1ff4e5506edbf8267724bde",
        "type": "github"
      },
      "original": {
        "owner": "NixOS",
        "ref": "nixpkgs-unstable",
        "repo": "nixpkgs",
        "type": "github"
      }
    },
    "nixpkgs_6": {
      "locked": {
        "lastModified": 1759580034,
        "narHash": "sha256-YWo57PL7mGZU7D4WeKFMiW4ex/O6ZolUS6UNBHTZfkI=",
        "owner": "nixos",
        "repo": "nixpkgs",
        "rev": "3bcc93c5f7a4b30335d31f21e2f1281cba68c318",
        "type": "github"
      },
      "original": {
        "owner": "nixos",
        "ref": "nixos-25.05",
        "repo": "nixpkgs",
        "type": "github"
      }
    },
    "root": {
      "inputs": {
        "darwin": "darwin",
        "dmx": "dmx",
        "home-manager": "home-manager",
        "isolation": "isolation",
        "mpris-inhibit": "mpris-inhibit",
        "nixpkgs": "nixpkgs_6",
        "nixpkgs-darwin": "nixpkgs-darwin",
        "nixpkgs-unstable": "nixpkgs-unstable"
      }
    },
    "systems": {
      "locked": {
        "lastModified": 1681028828,
        "narHash": "sha256-Vy1rq5AaRuLzOxct8nz4T6wlgyUR7zLU309k9mBC768=",
        "owner": "nix-systems",
        "repo": "default",
        "rev": "da67096a3b9bf56a91d16901293e51ba5b49a27e",
        "type": "github"
      },
      "original": {
        "owner": "nix-systems",
        "repo": "default",
        "type": "github"
      }
    }
  },
  "root": "root",
  "version": 7
}
