{
  "nodes": {
    "darwin": {
      "inputs": {
        "nixpkgs": "nixpkgs"
      },
      "locked": {
        "lastModified": 1758102940,
        "narHash": "sha256-wwqf3+A8EiqwWpcAaPN20QXJLlpGPpwtLTrzgnngI2o=",
        "owner": "LnL7",
        "repo": "nix-darwin",
        "rev": "ebd0bfc11fc2b5cff37401e9b3703881ad5fabbd",
        "type": "github"
      },
      "original": {
        "owner": "LnL7",
        "repo": "nix-darwin",
        "type": "github"
      }
    },
    "dmx": {
      "inputs": {
        "flake-utils": "flake-utils",
        "nixpkgs": "nixpkgs_2"
      },
      "locked": {
        "lastModified": 1753386467,
        "narHash": "sha256-dysOCYHRIaNVZswgDtCAXPXhukh7I4RS1UWMUB1CuGE=",
        "owner": "cargaona",
        "repo": "dmx",
        "rev": "55df5cb46658d003c46cad8d93c6405e6c15a53d",
        "type": "github"
      },
      "original": {
        "owner": "cargaona",
        "repo": "dmx",
        "type": "github"
      }
    },
    "flake-utils": {
      "inputs": {
        "systems": "systems"
      },
      "locked": {
        "lastModified": 1731533236,
        "narHash": "sha256-l0KFg5HjrsfsO/JpG+r7fRrqm12kzFHyUHqHCVpMMbI=",
        "owner": "numtide",
        "repo": "flake-utils",
        "rev": "11707dc2f618dd54ca8739b309ec4fc024de578b",
        "type": "github"
      },
      "original": {
        "owner": "numtide",
        "repo": "flake-utils",
        "type": "github"
      }
    },
    "flakelight": {
      "inputs": {
        "nixpkgs": [
          "mpris-inhibit",
          "nixpkgs"
        ]
      },
      "locked": {
        "lastModified": 1758214611,
        "narHash": "sha256-5YLeUhF7Nu85fNi5ElWexJ4ViiY041I0mBLLzOhg2DQ=",
        "owner": "nix-community",
        "repo": "flakelight",
        "rev": "464ab0a32efcc4310eef119cfc6c470e267cd42a",
        "type": "github"
      },
      "original": {
        "owner": "nix-community",
        "repo": "flakelight",
        "type": "github"
      }
    },
    "home-manager": {
      "inputs": {
        "nixpkgs": "nixpkgs_3"
      },
      "locked": {
        "lastModified": 1758119172,
        "narHash": "sha256-LnVuGLf0PJHqqIHroxEzwXS57mjAdHSrXi0iODKbbiU=",
        "owner": "nix-community",
        "repo": "home-manager",
        "rev": "9f408dc51c8e8216a94379e6356bdadbe8b4fef9",
        "type": "github"
      },
      "original": {
        "owner": "nix-community",
        "repo": "home-manager",
        "type": "github"
      }
    },
    "mpris-inhibit": {
      "inputs": {
        "flakelight": "flakelight",
        "nixpkgs": "nixpkgs_4"
      },
      "locked": {
        "lastModified": 1758283441,
        "narHash": "sha256-L7Px0c+cwmMK81XUc9vrwF9/6GD82Y2MGLRof3tS09E=",
        "owner": "Bwc9876",
        "repo": "wayland-mpris-idle-inhibit",
        "rev": "4a776219b880d8fca3ab645ead0da67d5d7f6369",
        "type": "github"
      },
      "original": {
        "owner": "Bwc9876",
        "repo": "wayland-mpris-idle-inhibit",
        "type": "github"
      }
    },
    "nixpkgs": {
      "locked": {
        "lastModified": 1747728033,
        "narHash": "sha256-NnXFQu7g4LnvPIPfJmBuZF7LFy/fey2g2+LCzjQhTUk=",
        "owner": "NixOS",
        "repo": "nixpkgs",
        "rev": "2f9173bde1d3fbf1ad26ff6d52f952f9e9da52ea",
        "type": "github"
      },
      "original": {
        "owner": "NixOS",
        "ref": "nixpkgs-unstable",
        "repo": "nixpkgs",
        "type": "github"
      }
    },
    "nixpkgs-darwin": {
      "locked": {
        "lastModified": 1758029226,
        "narHash": "sha256-TjqVmbpoCqWywY9xIZLTf6ANFvDCXdctCjoYuYPYdMI=",
        "owner": "nixos",
        "repo": "nixpkgs",
        "rev": "08b8f92ac6354983f5382124fef6006cade4a1c1",
        "type": "github"
      },
      "original": {
        "owner": "nixos",
        "ref": "nixpkgs-unstable",
        "repo": "nixpkgs",
        "type": "github"
      }
    },
    "nixpkgs-unstable": {
      "locked": {
        "lastModified": 1757745802,
        "narHash": "sha256-hLEO2TPj55KcUFUU1vgtHE9UEIOjRcH/4QbmfHNF820=",
        "owner": "nixos",
        "repo": "nixpkgs",
        "rev": "c23193b943c6c689d70ee98ce3128239ed9e32d1",
        "type": "github"
      },
      "original": {
        "owner": "nixos",
        "ref": "nixos-unstable",
        "repo": "nixpkgs",
        "type": "github"
      }
    },
    "nixpkgs_2": {
      "locked": {
        "lastModified": 1735563628,
        "narHash": "sha256-OnSAY7XDSx7CtDoqNh8jwVwh4xNL/2HaJxGjryLWzX8=",
        "owner": "NixOS",
        "repo": "nixpkgs",
        "rev": "b134951a4c9f3c995fd7be05f3243f8ecd65d798",
        "type": "github"
      },
      "original": {
        "owner": "NixOS",
        "ref": "nixos-24.05",
        "repo": "nixpkgs",
        "type": "github"
      }
    },
    "nixpkgs_3": {
      "locked": {
        "lastModified": 1757745802,
        "narHash": "sha256-hLEO2TPj55KcUFUU1vgtHE9UEIOjRcH/4QbmfHNF820=",
        "owner": "NixOS",
        "repo": "nixpkgs",
        "rev": "c23193b943c6c689d70ee98ce3128239ed9e32d1",
        "type": "github"
      },
      "original": {
        "owner": "NixOS",
        "ref": "nixos-unstable",
        "repo": "nixpkgs",
        "type": "github"
      }
    },
    "nixpkgs_4": {
      "locked": {
        "lastModified": 1758213207,
        "narHash": "sha256-rqoqF0LEi+6ZT59tr+hTQlxVwrzQsET01U4uUdmqRtM=",
        "owner": "NixOS",
        "repo": "nixpkgs",
        "rev": "f4b140d5b253f5e2a1ff4e5506edbf8267724bde",
        "type": "github"
      },
      "original": {
        "owner": "NixOS",
        "ref": "nixpkgs-unstable",
        "repo": "nixpkgs",
        "type": "github"
      }
    },
    "nixpkgs_5": {
      "locked": {
        "lastModified": 1757941119,
        "narHash": "sha256-TssJZFzMRYdWgpHySzKv4YQg6DUv5SDENiWbVgNTo0M=",
        "owner": "nixos",
        "repo": "nixpkgs",
        "rev": "7ff837017c3b82bd3671932599a119d7bc672ff0",
        "type": "github"
      },
      "original": {
        "owner": "nixos",
        "ref": "nixos-25.05",
        "repo": "nixpkgs",
        "type": "github"
      }
    },
    "root": {
      "inputs": {
        "darwin": "darwin",
        "dmx": "dmx",
        "home-manager": "home-manager",
        "mpris-inhibit": "mpris-inhibit",
        "nixpkgs": "nixpkgs_5",
        "nixpkgs-darwin": "nixpkgs-darwin",
        "nixpkgs-unstable": "nixpkgs-unstable"
      }
    },
    "systems": {
      "locked": {
        "lastModified": 1681028828,
        "narHash": "sha256-Vy1rq5AaRuLzOxct8nz4T6wlgyUR7zLU309k9mBC768=",
        "owner": "nix-systems",
        "repo": "default",
        "rev": "da67096a3b9bf56a91d16901293e51ba5b49a27e",
        "type": "github"
      },
      "original": {
        "owner": "nix-systems",
        "repo": "default",
        "type": "github"
      }
    }
  },
  "root": "root",
  "version": 7
}
